// !$*UTF8*$!
{
	archiveVersion = 1;
	classes = {
	};
	objectVersion = 56;
	objects = {

/* Begin PBXBuildFile section */
		9A08E5262AB74C450045FEFF /* AppDelegate.swift in Sources */ = {isa = PBXBuildFile; fileRef = 9A08E5252AB74C450045FEFF /* AppDelegate.swift */; };
		9A08E5282AB74C450045FEFF /* SceneDelegate.swift in Sources */ = {isa = PBXBuildFile; fileRef = 9A08E5272AB74C450045FEFF /* SceneDelegate.swift */; };
		9A08E52A2AB74C450045FEFF /* ViewController.swift in Sources */ = {isa = PBXBuildFile; fileRef = 9A08E5292AB74C450045FEFF /* ViewController.swift */; };
		9A08E52D2AB74C450045FEFF /* Main.storyboard in Resources */ = {isa = PBXBuildFile; fileRef = 9A08E52B2AB74C450045FEFF /* Main.storyboard */; };
		9A08E52F2AB74C470045FEFF /* Assets.xcassets in Resources */ = {isa = PBXBuildFile; fileRef = 9A08E52E2AB74C470045FEFF /* Assets.xcassets */; };
		9A08E5322AB74C470045FEFF /* LaunchScreen.storyboard in Resources */ = {isa = PBXBuildFile; fileRef = 9A08E5302AB74C470045FEFF /* LaunchScreen.storyboard */; };
		9A08E53D2AB74D930045FEFF /* FirebaseAnalytics in Frameworks */ = {isa = PBXBuildFile; productRef = 9A08E53C2AB74D930045FEFF /* FirebaseAnalytics */; };
		9A08E53F2AB74D930045FEFF /* FirebaseMessaging in Frameworks */ = {isa = PBXBuildFile; productRef = 9A08E53E2AB74D930045FEFF /* FirebaseMessaging */; };
		9A08E5462AB75AA50045FEFF /* GoogleService-Info.plist in Resources */ = {isa = PBXBuildFile; fileRef = 9A08E5452AB75AA50045FEFF /* GoogleService-Info.plist */; };
		9A08E54A2AB75BCC0045FEFF /* GoogleService-Info.plist in Resources */ = {isa = PBXBuildFile; fileRef = 9A08E5492AB75BCC0045FEFF /* GoogleService-Info.plist */; };
/* End PBXBuildFile section */

/* Begin PBXFileReference section */
		9A08E5222AB74C450045FEFF /* PushNotifiFirebase.app */ = {isa = PBXFileReference; explicitFileType = wrapper.application; includeInIndex = 0; path = PushNotifiFirebase.app; sourceTree = BUILT_PRODUCTS_DIR; };
		9A08E5252AB74C450045FEFF /* AppDelegate.swift */ = {isa = PBXFileReference; lastKnownFileType = sourcecode.swift; path = AppDelegate.swift; sourceTree = "<group>"; };
		9A08E5272AB74C450045FEFF /* SceneDelegate.swift */ = {isa = PBXFileReference; lastKnownFileType = sourcecode.swift; path = SceneDelegate.swift; sourceTree = "<group>"; };
		9A08E5292AB74C450045FEFF /* ViewController.swift */ = {isa = PBXFileReference; lastKnownFileType = sourcecode.swift; path = ViewController.swift; sourceTree = "<group>"; };
		9A08E52C2AB74C450045FEFF /* Base */ = {isa = PBXFileReference; lastKnownFileType = file.storyboard; name = Base; path = Base.lproj/Main.storyboard; sourceTree = "<group>"; };
		9A08E52E2AB74C470045FEFF /* Assets.xcassets */ = {isa = PBXFileReference; lastKnownFileType = folder.assetcatalog; path = Assets.xcassets; sourceTree = "<group>"; };
		9A08E5312AB74C470045FEFF /* Base */ = {isa = PBXFileReference; lastKnownFileType = file.storyboard; name = Base; path = Base.lproj/LaunchScreen.storyboard; sourceTree = "<group>"; };
		9A08E5332AB74C470045FEFF /* Info.plist */ = {isa = PBXFileReference; lastKnownFileType = text.plist.xml; path = Info.plist; sourceTree = "<group>"; };
		9A08E5452AB75AA50045FEFF /* GoogleService-Info.plist */ = {isa = PBXFileReference; lastKnownFileType = text.plist.xml; path = "GoogleService-Info.plist"; sourceTree = "<group>"; };
		9A08E5492AB75BCC0045FEFF /* GoogleService-Info.plist */ = {isa = PBXFileReference; fileEncoding = 4; lastKnownFileType = text.plist.xml; name = "GoogleService-Info.plist"; path = "../../../Downloads/GoogleService-Info.plist"; sourceTree = "<group>"; };
		9A08E54B2AB75C4B0045FEFF /* PushNotifiFirebase.entitlements */ = {isa = PBXFileReference; lastKnownFileType = text.plist.entitlements; path = PushNotifiFirebase.entitlements; sourceTree = "<group>"; };
/* End PBXFileReference section */

/* Begin PBXFrameworksBuildPhase section */
		9A08E51F2AB74C450045FEFF /* Frameworks */ = {
			isa = PBXFrameworksBuildPhase;
			buildActionMask = 2147483647;
			files = (
				9A08E53F2AB74D930045FEFF /* FirebaseMessaging in Frameworks */,
				9A08E53D2AB74D930045FEFF /* FirebaseAnalytics in Frameworks */,
			);
			runOnlyForDeploymentPostprocessing = 0;
		};
/* End PBXFrameworksBuildPhase section */

/* Begin PBXGroup section */
		9A08E5192AB74C450045FEFF = {
			isa = PBXGroup;
			children = (
				9A08E5452AB75AA50045FEFF /* GoogleService-Info.plist */,
				9A08E5242AB74C450045FEFF /* PushNotifiFirebase */,
				9A08E5232AB74C450045FEFF /* Products */,
			);
			sourceTree = "<group>";
		};
		9A08E5232AB74C450045FEFF /* Products */ = {
			isa = PBXGroup;
			children = (
				9A08E5222AB74C450045FEFF /* PushNotifiFirebase.app */,
			);
			name = Products;
			sourceTree = "<group>";
		};
		9A08E5242AB74C450045FEFF /* PushNotifiFirebase */ = {
			isa = PBXGroup;
			children = (
				9A08E54B2AB75C4B0045FEFF /* PushNotifiFirebase.entitlements */,
				9A08E5252AB74C450045FEFF /* AppDelegate.swift */,
				9A08E5272AB74C450045FEFF /* SceneDelegate.swift */,
				9A08E5292AB74C450045FEFF /* ViewController.swift */,
				9A08E52B2AB74C450045FEFF /* Main.storyboard */,
				9A08E52E2AB74C470045FEFF /* Assets.xcassets */,
				9A08E5302AB74C470045FEFF /* LaunchScreen.storyboard */,
				9A08E5332AB74C470045FEFF /* Info.plist */,
				9A08E5492AB75BCC0045FEFF /* GoogleService-Info.plist */,
			);
			path = PushNotifiFirebase;
			sourceTree = "<group>";
		};
/* End PBXGroup section */

/* Begin PBXNativeTarget section */
		9A08E5212AB74C450045FEFF /* PushNotifiFirebase */ = {
			isa = PBXNativeTarget;
			buildConfigurationList = 9A08E5362AB74C470045FEFF /* Build configuration list for PBXNativeTarget "PushNotifiFirebase" */;
			buildPhases = (
				9A08E51E2AB74C450045FEFF /* Sources */,
				9A08E51F2AB74C450045FEFF /* Frameworks */,
				9A08E5202AB74C450045FEFF /* Resources */,
			);
			buildRules = (
			);
			dependencies = (
			);
			name = PushNotifiFirebase;
			packageProductDependencies = (
				9A08E53C2AB74D930045FEFF /* FirebaseAnalytics */,
				9A08E53E2AB74D930045FEFF /* FirebaseMessaging */,
			);
			productName = PushNotifiFirebase;
			productReference = 9A08E5222AB74C450045FEFF /* PushNotifiFirebase.app */;
			productType = "com.apple.product-type.application";
		};
/* End PBXNativeTarget section */

/* Begin PBXProject section */
		9A08E51A2AB74C450045FEFF /* Project object */ = {
			isa = PBXProject;
			attributes = {
				BuildIndependentTargetsInParallel = 1;
				LastSwiftUpdateCheck = 1430;
				LastUpgradeCheck = 1430;
				TargetAttributes = {
					9A08E5212AB74C450045FEFF = {
						CreatedOnToolsVersion = 14.3.1;
					};
				};
			};
			buildConfigurationList = 9A08E51D2AB74C450045FEFF /* Build configuration list for PBXProject "PushNotifiFirebase" */;
			compatibilityVersion = "Xcode 14.0";
			developmentRegion = en;
			hasScannedForEncodings = 0;
			knownRegions = (
				en,
				Base,
			);
			mainGroup = 9A08E5192AB74C450045FEFF;
			packageReferences = (
				9A08E53B2AB74D920045FEFF /* XCRemoteSwiftPackageReference "firebase-ios-sdk" */,
			);
			productRefGroup = 9A08E5232AB74C450045FEFF /* Products */;
			projectDirPath = "";
			projectRoot = "";
			targets = (
				9A08E5212AB74C450045FEFF /* PushNotifiFirebase */,
			);
		};
/* End PBXProject section */

/* Begin PBXResourcesBuildPhase section */
		9A08E5202AB74C450045FEFF /* Resources */ = {
			isa = PBXResourcesBuildPhase;
			buildActionMask = 2147483647;
			files = (
				9A08E5462AB75AA50045FEFF /* GoogleService-Info.plist in Resources */,
				9A08E5322AB74C470045FEFF /* LaunchScreen.storyboard in Resources */,
				9A08E54A2AB75BCC0045FEFF /* GoogleService-Info.plist in Resources */,
				9A08E52F2AB74C470045FEFF /* Assets.xcassets in Resources */,
				9A08E52D2AB74C450045FEFF /* Main.storyboard in Resources */,
			);
			runOnlyForDeploymentPostprocessing = 0;
		};
/* End PBXResourcesBuildPhase section */

/* Begin PBXSourcesBuildPhase section */
		9A08E51E2AB74C450045FEFF /* Sources */ = {
			isa = PBXSourcesBuildPhase;
			buildActionMask = 2147483647;
			files = (
				9A08E52A2AB74C450045FEFF /* ViewController.swift in Sources */,
				9A08E5262AB74C450045FEFF /* AppDelegate.swift in Sources */,
				9A08E5282AB74C450045FEFF /* SceneDelegate.swift in Sources */,
			);
			runOnlyForDeploymentPostprocessing = 0;
		};
/* End PBXSourcesBuildPhase section */

/* Begin PBXVariantGroup section */
		9A08E52B2AB74C450045FEFF /* Main.storyboard */ = {
			isa = PBXVariantGroup;
			children = (
				9A08E52C2AB74C450045FEFF /* Base */,
			);
			name = Main.storyboard;
			sourceTree = "<group>";
		};
		9A08E5302AB74C470045FEFF /* LaunchScreen.storyboard */ = {
			isa = PBXVariantGroup;
			children = (
				9A08E5312AB74C470045FEFF /* Base */,
			);
			name = LaunchScreen.storyboard;
			sourceTree = "<group>";
		};
/* End PBXVariantGroup section */

/* Begin XCBuildConfiguration section */
		9A08E5342AB74C470045FEFF /* Debug */ = {
			isa = XCBuildConfiguration;
			buildSettings = {
				ALWAYS_SEARCH_USER_PATHS = NO;
				CLANG_ANALYZER_NONNULL = YES;
				CLANG_ANALYZER_NUMBER_OBJECT_CONVERSION = YES_AGGRESSIVE;
				CLANG_CXX_LANGUAGE_STANDARD = "gnu++20";
				CLANG_ENABLE_MODULES = YES;
				CLANG_ENABLE_OBJC_ARC = YES;
				CLANG_ENABLE_OBJC_WEAK = YES;
				CLANG_WARN_BLOCK_CAPTURE_AUTORELEASING = YES;
				CLANG_WARN_BOOL_CONVERSION = YES;
				CLANG_WARN_COMMA = YES;
				CLANG_WARN_CONSTANT_CONVERSION = YES;
				CLANG_WARN_DEPRECATED_OBJC_IMPLEMENTATIONS = YES;
				CLANG_WARN_DIRECT_OBJC_ISA_USAGE = YES_ERROR;
				CLANG_WARN_DOCUMENTATION_COMMENTS = YES;
				CLANG_WARN_EMPTY_BODY = YES;
				CLANG_WARN_ENUM_CONVERSION = YES;
				CLANG_WARN_INFINITE_RECURSION = YES;
				CLANG_WARN_INT_CONVERSION = YES;
				CLANG_WARN_NON_LITERAL_NULL_CONVERSION = YES;
				CLANG_WARN_OBJC_IMPLICIT_RETAIN_SELF = YES;
				CLANG_WARN_OBJC_LITERAL_CONVERSION = YES;
				CLANG_WARN_OBJC_ROOT_CLASS = YES_ERROR;
				CLANG_WARN_QUOTED_INCLUDE_IN_FRAMEWORK_HEADER = YES;
				CLANG_WARN_RANGE_LOOP_ANALYSIS = YES;
				CLANG_WARN_STRICT_PROTOTYPES = YES;
				CLANG_WARN_SUSPICIOUS_MOVE = YES;
				CLANG_WARN_UNGUARDED_AVAILABILITY = YES_AGGRESSIVE;
				CLANG_WARN_UNREACHABLE_CODE = YES;
				CLANG_WARN__DUPLICATE_METHOD_MATCH = YES;
				COPY_PHASE_STRIP = NO;
				DEBUG_INFORMATION_FORMAT = dwarf;
				ENABLE_STRICT_OBJC_MSGSEND = YES;
				ENABLE_TESTABILITY = YES;
				GCC_C_LANGUAGE_STANDARD = gnu11;
				GCC_DYNAMIC_NO_PIC = NO;
				GCC_NO_COMMON_BLOCKS = YES;
				GCC_OPTIMIZATION_LEVEL = 0;
				GCC_PREPROCESSOR_DEFINITIONS = (
					"DEBUG=1",
					"$(inherited)",
				);
				GCC_WARN_64_TO_32_BIT_CONVERSION = YES;
				GCC_WARN_ABOUT_RETURN_TYPE = YES_ERROR;
				GCC_WARN_UNDECLARED_SELECTOR = YES;
				GCC_WARN_UNINITIALIZED_AUTOS = YES_AGGRESSIVE;
				GCC_WARN_UNUSED_FUNCTION = YES;
				GCC_WARN_UNUSED_VARIABLE = YES;
				IPHONEOS_DEPLOYMENT_TARGET = 16.4;
				MTL_ENABLE_DEBUG_INFO = INCLUDE_SOURCE;
				MTL_FAST_MATH = YES;
				ONLY_ACTIVE_ARCH = YES;
				SDKROOT = iphoneos;
				SWIFT_ACTIVE_COMPILATION_CONDITIONS = DEBUG;
				SWIFT_OPTIMIZATION_LEVEL = "-Onone";
			};
			name = Debug;
		};
		9A08E5352AB74C470045FEFF /* Release */ = {
			isa = XCBuildConfiguration;
			buildSettings = {
				ALWAYS_SEARCH_USER_PATHS = NO;
				CLANG_ANALYZER_NONNULL = YES;
				CLANG_ANALYZER_NUMBER_OBJECT_CONVERSION = YES_AGGRESSIVE;
				CLANG_CXX_LANGUAGE_STANDARD = "gnu++20";
				CLANG_ENABLE_MODULES = YES;
				CLANG_ENABLE_OBJC_ARC = YES;
				CLANG_ENABLE_OBJC_WEAK = YES;
				CLANG_WARN_BLOCK_CAPTURE_AUTORELEASING = YES;
				CLANG_WARN_BOOL_CONVERSION = YES;
				CLANG_WARN_COMMA = YES;
				CLANG_WARN_CONSTANT_CONVERSION = YES;
				CLANG_WARN_DEPRECATED_OBJC_IMPLEMENTATIONS = YES;
				CLANG_WARN_DIRECT_OBJC_ISA_USAGE = YES_ERROR;
				CLANG_WARN_DOCUMENTATION_COMMENTS = YES;
				CLANG_WARN_EMPTY_BODY = YES;
				CLANG_WARN_ENUM_CONVERSION = YES;
				CLANG_WARN_INFINITE_RECURSION = YES;
				CLANG_WARN_INT_CONVERSION = YES;
				CLANG_WARN_NON_LITERAL_NULL_CONVERSION = YES;
				CLANG_WARN_OBJC_IMPLICIT_RETAIN_SELF = YES;
				CLANG_WARN_OBJC_LITERAL_CONVERSION = YES;
				CLANG_WARN_OBJC_ROOT_CLASS = YES_ERROR;
				CLANG_WARN_QUOTED_INCLUDE_IN_FRAMEWORK_HEADER = YES;
				CLANG_WARN_RANGE_LOOP_ANALYSIS = YES;
				CLANG_WARN_STRICT_PROTOTYPES = YES;
				CLANG_WARN_SUSPICIOUS_MOVE = YES;
				CLANG_WARN_UNGUARDED_AVAILABILITY = YES_AGGRESSIVE;
				CLANG_WARN_UNREACHABLE_CODE = YES;
				CLANG_WARN__DUPLICATE_METHOD_MATCH = YES;
				COPY_PHASE_STRIP = NO;
				DEBUG_INFORMATION_FORMAT = "dwarf-with-dsym";
				ENABLE_NS_ASSERTIONS = NO;
				ENABLE_STRICT_OBJC_MSGSEND = YES;
				GCC_C_LANGUAGE_STANDARD = gnu11;
				GCC_NO_COMMON_BLOCKS = YES;
				GCC_WARN_64_TO_32_BIT_CONVERSION = YES;
				GCC_WARN_ABOUT_RETURN_TYPE = YES_ERROR;
				GCC_WARN_UNDECLARED_SELECTOR = YES;
				GCC_WARN_UNINITIALIZED_AUTOS = YES_AGGRESSIVE;
				GCC_WARN_UNUSED_FUNCTION = YES;
				GCC_WARN_UNUSED_VARIABLE = YES;
				IPHONEOS_DEPLOYMENT_TARGET = 16.4;
				MTL_ENABLE_DEBUG_INFO = NO;
				MTL_FAST_MATH = YES;
				SDKROOT = iphoneos;
				SWIFT_COMPILATION_MODE = wholemodule;
				SWIFT_OPTIMIZATION_LEVEL = "-O";
				VALIDATE_PRODUCT = YES;
			};
			name = Release;
		};
		9A08E5372AB74C470045FEFF /* Debug */ = {
			isa = XCBuildConfiguration;
			buildSettings = {
				ASSETCATALOG_COMPILER_APPICON_NAME = AppIcon;
				ASSETCATALOG_COMPILER_GLOBAL_ACCENT_COLOR_NAME = AccentColor;
				CODE_SIGN_ENTITLEMENTS = PushNotifiFirebase/PushNotifiFirebase.entitlements;
				CODE_SIGN_STYLE = Automatic;
				CURRENT_PROJECT_VERSION = 1;
				DEVELOPMENT_TEAM = 588TDH2YJZ;
				GENERATE_INFOPLIST_FILE = YES;
				INFOPLIST_FILE = PushNotifiFirebase/Info.plist;
				INFOPLIST_KEY_UIApplicationSupportsIndirectInputEvents = YES;
				INFOPLIST_KEY_UILaunchStoryboardName = LaunchScreen;
				INFOPLIST_KEY_UIMainStoryboardFile = Main;
				INFOPLIST_KEY_UISupportedInterfaceOrientations_iPad = "UIInterfaceOrientationPortrait UIInterfaceOrientationPortraitUpsideDown UIInterfaceOrientationLandscapeLeft UIInterfaceOrientationLandscapeRight";
				INFOPLIST_KEY_UISupportedInterfaceOrientations_iPhone = "UIInterfaceOrientationPortrait UIInterfaceOrientationLandscapeLeft UIInterfaceOrientationLandscapeRight";
				LD_RUNPATH_SEARCH_PATHS = (
					"$(inherited)",
					"@executable_path/Frameworks",
				);
				MARKETING_VERSION = 1.0;
				PRODUCT_BUNDLE_IDENTIFIER = com.push.PushNotifiFirebase;
				PRODUCT_NAME = "$(TARGET_NAME)";
				SWIFT_EMIT_LOC_STRINGS = YES;
				SWIFT_VERSION = 5.0;
				TARGETED_DEVICE_FAMILY = "1,2";
			};
			name = Debug;
		};
		9A08E5382AB74C470045FEFF /* Release */ = {
			isa = XCBuildConfiguration;
			buildSettings = {
				ASSETCATALOG_COMPILER_APPICON_NAME = AppIcon;
				ASSETCATALOG_COMPILER_GLOBAL_ACCENT_COLOR_NAME = AccentColor;
				CODE_SIGN_ENTITLEMENTS = PushNotifiFirebase/PushNotifiFirebase.entitlements;
				CODE_SIGN_STYLE = Automatic;
				CURRENT_PROJECT_VERSION = 1;
				DEVELOPMENT_TEAM = 588TDH2YJZ;
				GENERATE_INFOPLIST_FILE = YES;
				INFOPLIST_FILE = PushNotifiFirebase/Info.plist;
				INFOPLIST_KEY_UIApplicationSupportsIndirectInputEvents = YES;
				INFOPLIST_KEY_UILaunchStoryboardName = LaunchScreen;
				INFOPLIST_KEY_UIMainStoryboardFile = Main;
				INFOPLIST_KEY_UISupportedInterfaceOrientations_iPad = "UIInterfaceOrientationPortrait UIInterfaceOrientationPortraitUpsideDown UIInterfaceOrientationLandscapeLeft UIInterfaceOrientationLandscapeRight";
				INFOPLIST_KEY_UISupportedInterfaceOrientations_iPhone = "UIInterfaceOrientationPortrait UIInterfaceOrientationLandscapeLeft UIInterfaceOrientationLandscapeRight";
				LD_RUNPATH_SEARCH_PATHS = (
					"$(inherited)",
					"@executable_path/Frameworks",
				);
				MARKETING_VERSION = 1.0;
				PRODUCT_BUNDLE_IDENTIFIER = com.push.PushNotifiFirebase;
				PRODUCT_NAME = "$(TARGET_NAME)";
				SWIFT_EMIT_LOC_STRINGS = YES;
				SWIFT_VERSION = 5.0;
				TARGETED_DEVICE_FAMILY = "1,2";
			};
			name = Release;
		};
/* End XCBuildConfiguration section */

/* Begin XCConfigurationList section */
		9A08E51D2AB74C450045FEFF /* Build configuration list for PBXProject "PushNotifiFirebase" */ = {
			isa = XCConfigurationList;
			buildConfigurations = (
				9A08E5342AB74C470045FEFF /* Debug */,
				9A08E5352AB74C470045FEFF /* Release */,
			);
			defaultConfigurationIsVisible = 0;
			defaultConfigurationName = Release;
		};
		9A08E5362AB74C470045FEFF /* Build configuration list for PBXNativeTarget "PushNotifiFirebase" */ = {
			isa = XCConfigurationList;
			buildConfigurations = (
				9A08E5372AB74C470045FEFF /* Debug */,
				9A08E5382AB74C470045FEFF /* Release */,
			);
			defaultConfigurationIsVisible = 0;
			defaultConfigurationName = Release;
		};
/* End XCConfigurationList section */

/* Begin XCRemoteSwiftPackageReference section */
		9A08E53B2AB74D920045FEFF /* XCRemoteSwiftPackageReference "firebase-ios-sdk" */ = {
			isa = XCRemoteSwiftPackageReference;
			repositoryURL = "https://github.com/firebase/firebase-ios-sdk.git";
			requirement = {
				kind = upToNextMajorVersion;
				minimumVersion = 10.0.0;
			};
		};
/* End XCRemoteSwiftPackageReference section */

/* Begin XCSwiftPackageProductDependency section */
		9A08E53C2AB74D930045FEFF /* FirebaseAnalytics */ = {
			isa = XCSwiftPackageProductDependency;
			package = 9A08E53B2AB74D920045FEFF /* XCRemoteSwiftPackageReference "firebase-ios-sdk" */;
			productName = FirebaseAnalytics;
		};
		9A08E53E2AB74D930045FEFF /* FirebaseMessaging */ = {
			isa = XCSwiftPackageProductDependency;
			package = 9A08E53B2AB74D920045FEFF /* XCRemoteSwiftPackageReference "firebase-ios-sdk" */;
			productName = FirebaseMessaging;
		};
/* End XCSwiftPackageProductDependency section */
	};
	rootObject = 9A08E51A2AB74C450045FEFF /* Project object */;
}
